
Microsoft Visual Studio Solution File, Format Version 12.00
# Visual Studio Version 17
VisualStudioVersion = 17.4.33213.308
MinimumVisualStudioVersion = 10.0.40219.1
Project("{FAE04EC0-301F-11D3-BF4B-00C04F79EFBC}") = "LOGIN", "LOGIN.csproj", "{DA56A635-5BF2-414F-92D6-CE7E88E2817C}"
EndProject
Project("{FAE04EC0-301F-11D3-BF4B-00C04F79EFBC}") = "PARAMEDICO", "..\PARAMEDICO\PARAMEDICO.csproj", "{D10CA3A2-16C1-465A-A939-750BF5C1152D}"
EndProject
Project("{FAE04EC0-301F-11D3-BF4B-00C04F79EFBC}") = "CONDUCTOR", "..\CONDUCTOR\CONDUCTOR.csproj", "{B5449A30-1026-425A-9991-9AFED196C52A}"
EndProject
Project("{FAE04EC0-301F-11D3-BF4B-00C04F79EFBC}") = "Clientes", "..\Clientes\Clientes.csproj", "{1F0685C2-D085-47A0-AAF3-6857A2DF62CB}"
EndProject
Project("{FAE04EC0-301F-11D3-BF4B-00C04F79EFBC}") = "Capa_Negocio", "..\Capa_Negocio\Capa_Negocio.csproj", "{9F0BF0E7-5137-49C5-8ADF-05148F7282EE}"
EndProject
Project("{FAE04EC0-301F-11D3-BF4B-00C04F79EFBC}") = "Capa_Entidad", "..\Capa_Entidad\Capa_Entidad.csproj", "{E257CCEE-CF3C-4CBF-A58C-9D7F89D22942}"
EndProject
Project("{FAE04EC0-301F-11D3-BF4B-00C04F79EFBC}") = "Capa_Datos", "..\Capa_Datos\Capa_Datos.csproj", "{00025EAA-3CD1-4004-900E-5B804C73B703}"
EndProject
Project("{FAE04EC0-301F-11D3-BF4B-00C04F79EFBC}") = "AMBULANCIA", "..\AMBULANCIA\AMBULANCIA.csproj", "{77C59F07-6551-4D0D-BAE5-B4C4AD6F6B44}"
EndProject
Project("{FAE04EC0-301F-11D3-BF4B-00C04F79EFBC}") = "actualizarparamedico", "..\actualizarparamedico\actualizarparamedico.csproj", "{F385AF72-A5C1-4B36-988B-74C79A2AEA7D}"
EndProject
Project("{FAE04EC0-301F-11D3-BF4B-00C04F79EFBC}") = "actualizardatos", "..\actualizardatos\actualizardatos.csproj", "{F0E6FA28-032D-4EBF-A889-CCAA0F9D4D33}"
EndProject
Project("{FAE04EC0-301F-11D3-BF4B-00C04F79EFBC}") = "actualizarconductor", "..\actualizarconductor\actualizarconductor.csproj", "{C9B5D263-00E8-4676-87C7-82882C5EFC46}"
EndProject
Project("{FAE04EC0-301F-11D3-BF4B-00C04F79EFBC}") = "actualizarclientess", "..\actualizarclientess\actualizarclientess.csproj", "{ACBC5C44-09C8-42D5-8B00-609D53070EDA}"
EndProject
Project("{2150E333-8FDC-42A3-9474-1A3956D46DE8}") = "Solution Items", "Solution Items", "{63A4C3D2-6651-4170-8279-98E6E4E52979}"
	ProjectSection(SolutionItems) = preProject
		Unitest1.cs = Unitest1.cs
	EndProjectSection
EndProject
Project("{FAE04EC0-301F-11D3-BF4B-00C04F79EFBC}") = "UniTestD", "..\UniTestD\UniTestD.csproj", "{E5EAC8DE-C975-462F-B366-E2ECF4681971}"
EndProject
Global
	GlobalSection(SolutionConfigurationPlatforms) = preSolution
		Debug|Any CPU = Debug|Any CPU
		Debug|ARM = Debug|ARM
		Debug|ARM64 = Debug|ARM64
		Debug|x64 = Debug|x64
		Debug|x86 = Debug|x86
		Release|Any CPU = Release|Any CPU
		Release|ARM = Release|ARM
		Release|ARM64 = Release|ARM64
		Release|x64 = Release|x64
		Release|x86 = Release|x86
	EndGlobalSection
	GlobalSection(ProjectConfigurationPlatforms) = postSolution
		{DA56A635-5BF2-414F-92D6-CE7E88E2817C}.Debug|Any CPU.ActiveCfg = Debug|Any CPU
		{DA56A635-5BF2-414F-92D6-CE7E88E2817C}.Debug|Any CPU.Build.0 = Debug|Any CPU
		{DA56A635-5BF2-414F-92D6-CE7E88E2817C}.Debug|ARM.ActiveCfg = Debug|Any CPU
		{DA56A635-5BF2-414F-92D6-CE7E88E2817C}.Debug|ARM.Build.0 = Debug|Any CPU
		{DA56A635-5BF2-414F-92D6-CE7E88E2817C}.Debug|ARM64.ActiveCfg = Debug|Any CPU
		{DA56A635-5BF2-414F-92D6-CE7E88E2817C}.Debug|ARM64.Build.0 = Debug|Any CPU
		{DA56A635-5BF2-414F-92D6-CE7E88E2817C}.Debug|x64.ActiveCfg = Debug|Any CPU
		{DA56A635-5BF2-414F-92D6-CE7E88E2817C}.Debug|x64.Build.0 = Debug|Any CPU
		{DA56A635-5BF2-414F-92D6-CE7E88E2817C}.Debug|x86.ActiveCfg = Debug|Any CPU
		{DA56A635-5BF2-414F-92D6-CE7E88E2817C}.Debug|x86.Build.0 = Debug|Any CPU
		{DA56A635-5BF2-414F-92D6-CE7E88E2817C}.Release|Any CPU.ActiveCfg = Release|Any CPU
		{DA56A635-5BF2-414F-92D6-CE7E88E2817C}.Release|Any CPU.Build.0 = Release|Any CPU
		{DA56A635-5BF2-414F-92D6-CE7E88E2817C}.Release|ARM.ActiveCfg = Release|Any CPU
		{DA56A635-5BF2-414F-92D6-CE7E88E2817C}.Release|ARM.Build.0 = Release|Any CPU
		{DA56A635-5BF2-414F-92D6-CE7E88E2817C}.Release|ARM64.ActiveCfg = Release|Any CPU
		{DA56A635-5BF2-414F-92D6-CE7E88E2817C}.Release|ARM64.Build.0 = Release|Any CPU
		{DA56A635-5BF2-414F-92D6-CE7E88E2817C}.Release|x64.ActiveCfg = Release|Any CPU
		{DA56A635-5BF2-414F-92D6-CE7E88E2817C}.Release|x64.Build.0 = Release|Any CPU
		{DA56A635-5BF2-414F-92D6-CE7E88E2817C}.Release|x86.ActiveCfg = Release|Any CPU
		{DA56A635-5BF2-414F-92D6-CE7E88E2817C}.Release|x86.Build.0 = Release|Any CPU
		{D10CA3A2-16C1-465A-A939-750BF5C1152D}.Debug|Any CPU.ActiveCfg = Debug|Any CPU
		{D10CA3A2-16C1-465A-A939-750BF5C1152D}.Debug|Any CPU.Build.0 = Debug|Any CPU
		{D10CA3A2-16C1-465A-A939-750BF5C1152D}.Debug|ARM.ActiveCfg = Debug|Any CPU
		{D10CA3A2-16C1-465A-A939-750BF5C1152D}.Debug|ARM.Build.0 = Debug|Any CPU
		{D10CA3A2-16C1-465A-A939-750BF5C1152D}.Debug|ARM64.ActiveCfg = Debug|Any CPU
		{D10CA3A2-16C1-465A-A939-750BF5C1152D}.Debug|ARM64.Build.0 = Debug|Any CPU
		{D10CA3A2-16C1-465A-A939-750BF5C1152D}.Debug|x64.ActiveCfg = Debug|Any CPU
		{D10CA3A2-16C1-465A-A939-750BF5C1152D}.Debug|x64.Build.0 = Debug|Any CPU
		{D10CA3A2-16C1-465A-A939-750BF5C1152D}.Debug|x86.ActiveCfg = Debug|Any CPU
		{D10CA3A2-16C1-465A-A939-750BF5C1152D}.Debug|x86.Build.0 = Debug|Any CPU
		{D10CA3A2-16C1-465A-A939-750BF5C1152D}.Release|Any CPU.ActiveCfg = Release|Any CPU
		{D10CA3A2-16C1-465A-A939-750BF5C1152D}.Release|Any CPU.Build.0 = Release|Any CPU
		{D10CA3A2-16C1-465A-A939-750BF5C1152D}.Release|ARM.ActiveCfg = Release|Any CPU
		{D10CA3A2-16C1-465A-A939-750BF5C1152D}.Release|ARM.Build.0 = Release|Any CPU
		{D10CA3A2-16C1-465A-A939-750BF5C1152D}.Release|ARM64.ActiveCfg = Release|Any CPU
		{D10CA3A2-16C1-465A-A939-750BF5C1152D}.Release|ARM64.Build.0 = Release|Any CPU
		{D10CA3A2-16C1-465A-A939-750BF5C1152D}.Release|x64.ActiveCfg = Release|Any CPU
		{D10CA3A2-16C1-465A-A939-750BF5C1152D}.Release|x64.Build.0 = Release|Any CPU
		{D10CA3A2-16C1-465A-A939-750BF5C1152D}.Release|x86.ActiveCfg = Release|Any CPU
		{D10CA3A2-16C1-465A-A939-750BF5C1152D}.Release|x86.Build.0 = Release|Any CPU
		{B5449A30-1026-425A-9991-9AFED196C52A}.Debug|Any CPU.ActiveCfg = Debug|Any CPU
		{B5449A30-1026-425A-9991-9AFED196C52A}.Debug|Any CPU.Build.0 = Debug|Any CPU
		{B5449A30-1026-425A-9991-9AFED196C52A}.Debug|ARM.ActiveCfg = Debug|Any CPU
		{B5449A30-1026-425A-9991-9AFED196C52A}.Debug|ARM.Build.0 = Debug|Any CPU
		{B5449A30-1026-425A-9991-9AFED196C52A}.Debug|ARM64.ActiveCfg = Debug|Any CPU
		{B5449A30-1026-425A-9991-9AFED196C52A}.Debug|ARM64.Build.0 = Debug|Any CPU
		{B5449A30-1026-425A-9991-9AFED196C52A}.Debug|x64.ActiveCfg = Debug|Any CPU
		{B5449A30-1026-425A-9991-9AFED196C52A}.Debug|x64.Build.0 = Debug|Any CPU
		{B5449A30-1026-425A-9991-9AFED196C52A}.Debug|x86.ActiveCfg = Debug|Any CPU
		{B5449A30-1026-425A-9991-9AFED196C52A}.Debug|x86.Build.0 = Debug|Any CPU
		{B5449A30-1026-425A-9991-9AFED196C52A}.Release|Any CPU.ActiveCfg = Release|Any CPU
		{B5449A30-1026-425A-9991-9AFED196C52A}.Release|Any CPU.Build.0 = Release|Any CPU
		{B5449A30-1026-425A-9991-9AFED196C52A}.Release|ARM.ActiveCfg = Release|Any CPU
		{B5449A30-1026-425A-9991-9AFED196C52A}.Release|ARM.Build.0 = Release|Any CPU
		{B5449A30-1026-425A-9991-9AFED196C52A}.Release|ARM64.ActiveCfg = Release|Any CPU
		{B5449A30-1026-425A-9991-9AFED196C52A}.Release|ARM64.Build.0 = Release|Any CPU
		{B5449A30-1026-425A-9991-9AFED196C52A}.Release|x64.ActiveCfg = Release|Any CPU
		{B5449A30-1026-425A-9991-9AFED196C52A}.Release|x64.Build.0 = Release|Any CPU
		{B5449A30-1026-425A-9991-9AFED196C52A}.Release|x86.ActiveCfg = Release|Any CPU
		{B5449A30-1026-425A-9991-9AFED196C52A}.Release|x86.Build.0 = Release|Any CPU
		{1F0685C2-D085-47A0-AAF3-6857A2DF62CB}.Debug|Any CPU.ActiveCfg = Debug|Any CPU
		{1F0685C2-D085-47A0-AAF3-6857A2DF62CB}.Debug|Any CPU.Build.0 = Debug|Any CPU
		{1F0685C2-D085-47A0-AAF3-6857A2DF62CB}.Debug|ARM.ActiveCfg = Debug|Any CPU
		{1F0685C2-D085-47A0-AAF3-6857A2DF62CB}.Debug|ARM.Build.0 = Debug|Any CPU
		{1F0685C2-D085-47A0-AAF3-6857A2DF62CB}.Debug|ARM64.ActiveCfg = Debug|Any CPU
		{1F0685C2-D085-47A0-AAF3-6857A2DF62CB}.Debug|ARM64.Build.0 = Debug|Any CPU
		{1F0685C2-D085-47A0-AAF3-6857A2DF62CB}.Debug|x64.ActiveCfg = Debug|Any CPU
		{1F0685C2-D085-47A0-AAF3-6857A2DF62CB}.Debug|x64.Build.0 = Debug|Any CPU
		{1F0685C2-D085-47A0-AAF3-6857A2DF62CB}.Debug|x86.ActiveCfg = Debug|Any CPU
		{1F0685C2-D085-47A0-AAF3-6857A2DF62CB}.Debug|x86.Build.0 = Debug|Any CPU
		{1F0685C2-D085-47A0-AAF3-6857A2DF62CB}.Release|Any CPU.ActiveCfg = Release|Any CPU
		{1F0685C2-D085-47A0-AAF3-6857A2DF62CB}.Release|Any CPU.Build.0 = Release|Any CPU
		{1F0685C2-D085-47A0-AAF3-6857A2DF62CB}.Release|ARM.ActiveCfg = Release|Any CPU
		{1F0685C2-D085-47A0-AAF3-6857A2DF62CB}.Release|ARM.Build.0 = Release|Any CPU
		{1F0685C2-D085-47A0-AAF3-6857A2DF62CB}.Release|ARM64.ActiveCfg = Release|Any CPU
		{1F0685C2-D085-47A0-AAF3-6857A2DF62CB}.Release|ARM64.Build.0 = Release|Any CPU
		{1F0685C2-D085-47A0-AAF3-6857A2DF62CB}.Release|x64.ActiveCfg = Release|Any CPU
		{1F0685C2-D085-47A0-AAF3-6857A2DF62CB}.Release|x64.Build.0 = Release|Any CPU
		{1F0685C2-D085-47A0-AAF3-6857A2DF62CB}.Release|x86.ActiveCfg = Release|Any CPU
		{1F0685C2-D085-47A0-AAF3-6857A2DF62CB}.Release|x86.Build.0 = Release|Any CPU
		{9F0BF0E7-5137-49C5-8ADF-05148F7282EE}.Debug|Any CPU.ActiveCfg = Debug|Any CPU
		{9F0BF0E7-5137-49C5-8ADF-05148F7282EE}.Debug|Any CPU.Build.0 = Debug|Any CPU
		{9F0BF0E7-5137-49C5-8ADF-05148F7282EE}.Debug|ARM.ActiveCfg = Debug|Any CPU
		{9F0BF0E7-5137-49C5-8ADF-05148F7282EE}.Debug|ARM.Build.0 = Debug|Any CPU
		{9F0BF0E7-5137-49C5-8ADF-05148F7282EE}.Debug|ARM64.ActiveCfg = Debug|Any CPU
		{9F0BF0E7-5137-49C5-8ADF-05148F7282EE}.Debug|ARM64.Build.0 = Debug|Any CPU
		{9F0BF0E7-5137-49C5-8ADF-05148F7282EE}.Debug|x64.ActiveCfg = Debug|Any CPU
		{9F0BF0E7-5137-49C5-8ADF-05148F7282EE}.Debug|x64.Build.0 = Debug|Any CPU
		{9F0BF0E7-5137-49C5-8ADF-05148F7282EE}.Debug|x86.ActiveCfg = Debug|Any CPU
		{9F0BF0E7-5137-49C5-8ADF-05148F7282EE}.Debug|x86.Build.0 = Debug|Any CPU
		{9F0BF0E7-5137-49C5-8ADF-05148F7282EE}.Release|Any CPU.ActiveCfg = Release|Any CPU
		{9F0BF0E7-5137-49C5-8ADF-05148F7282EE}.Release|Any CPU.Build.0 = Release|Any CPU
		{9F0BF0E7-5137-49C5-8ADF-05148F7282EE}.Release|ARM.ActiveCfg = Release|Any CPU
		{9F0BF0E7-5137-49C5-8ADF-05148F7282EE}.Release|ARM.Build.0 = Release|Any CPU
		{9F0BF0E7-5137-49C5-8ADF-05148F7282EE}.Release|ARM64.ActiveCfg = Release|Any CPU
		{9F0BF0E7-5137-49C5-8ADF-05148F7282EE}.Release|ARM64.Build.0 = Release|Any CPU
		{9F0BF0E7-5137-49C5-8ADF-05148F7282EE}.Release|x64.ActiveCfg = Release|Any CPU
		{9F0BF0E7-5137-49C5-8ADF-05148F7282EE}.Release|x64.Build.0 = Release|Any CPU
		{9F0BF0E7-5137-49C5-8ADF-05148F7282EE}.Release|x86.ActiveCfg = Release|Any CPU
		{9F0BF0E7-5137-49C5-8ADF-05148F7282EE}.Release|x86.Build.0 = Release|Any CPU
		{E257CCEE-CF3C-4CBF-A58C-9D7F89D22942}.Debug|Any CPU.ActiveCfg = Debug|Any CPU
		{E257CCEE-CF3C-4CBF-A58C-9D7F89D22942}.Debug|Any CPU.Build.0 = Debug|Any CPU
		{E257CCEE-CF3C-4CBF-A58C-9D7F89D22942}.Debug|ARM.ActiveCfg = Debug|Any CPU
		{E257CCEE-CF3C-4CBF-A58C-9D7F89D22942}.Debug|ARM.Build.0 = Debug|Any CPU
		{E257CCEE-CF3C-4CBF-A58C-9D7F89D22942}.Debug|ARM64.ActiveCfg = Debug|Any CPU
		{E257CCEE-CF3C-4CBF-A58C-9D7F89D22942}.Debug|ARM64.Build.0 = Debug|Any CPU
		{E257CCEE-CF3C-4CBF-A58C-9D7F89D22942}.Debug|x64.ActiveCfg = Debug|Any CPU
		{E257CCEE-CF3C-4CBF-A58C-9D7F89D22942}.Debug|x64.Build.0 = Debug|Any CPU
		{E257CCEE-CF3C-4CBF-A58C-9D7F89D22942}.Debug|x86.ActiveCfg = Debug|Any CPU
		{E257CCEE-CF3C-4CBF-A58C-9D7F89D22942}.Debug|x86.Build.0 = Debug|Any CPU
		{E257CCEE-CF3C-4CBF-A58C-9D7F89D22942}.Release|Any CPU.ActiveCfg = Release|Any CPU
		{E257CCEE-CF3C-4CBF-A58C-9D7F89D22942}.Release|Any CPU.Build.0 = Release|Any CPU
		{E257CCEE-CF3C-4CBF-A58C-9D7F89D22942}.Release|ARM.ActiveCfg = Release|Any CPU
		{E257CCEE-CF3C-4CBF-A58C-9D7F89D22942}.Release|ARM.Build.0 = Release|Any CPU
		{E257CCEE-CF3C-4CBF-A58C-9D7F89D22942}.Release|ARM64.ActiveCfg = Release|Any CPU
		{E257CCEE-CF3C-4CBF-A58C-9D7F89D22942}.Release|ARM64.Build.0 = Release|Any CPU
		{E257CCEE-CF3C-4CBF-A58C-9D7F89D22942}.Release|x64.ActiveCfg = Release|Any CPU
		{E257CCEE-CF3C-4CBF-A58C-9D7F89D22942}.Release|x64.Build.0 = Release|Any CPU
		{E257CCEE-CF3C-4CBF-A58C-9D7F89D22942}.Release|x86.ActiveCfg = Release|Any CPU
		{E257CCEE-CF3C-4CBF-A58C-9D7F89D22942}.Release|x86.Build.0 = Release|Any CPU
		{00025EAA-3CD1-4004-900E-5B804C73B703}.Debug|Any CPU.ActiveCfg = Debug|Any CPU
		{00025EAA-3CD1-4004-900E-5B804C73B703}.Debug|Any CPU.Build.0 = Debug|Any CPU
		{00025EAA-3CD1-4004-900E-5B804C73B703}.Debug|ARM.ActiveCfg = Debug|Any CPU
		{00025EAA-3CD1-4004-900E-5B804C73B703}.Debug|ARM.Build.0 = Debug|Any CPU
		{00025EAA-3CD1-4004-900E-5B804C73B703}.Debug|ARM64.ActiveCfg = Debug|Any CPU
		{00025EAA-3CD1-4004-900E-5B804C73B703}.Debug|ARM64.Build.0 = Debug|Any CPU
		{00025EAA-3CD1-4004-900E-5B804C73B703}.Debug|x64.ActiveCfg = Debug|Any CPU
		{00025EAA-3CD1-4004-900E-5B804C73B703}.Debug|x64.Build.0 = Debug|Any CPU
		{00025EAA-3CD1-4004-900E-5B804C73B703}.Debug|x86.ActiveCfg = Debug|Any CPU
		{00025EAA-3CD1-4004-900E-5B804C73B703}.Debug|x86.Build.0 = Debug|Any CPU
		{00025EAA-3CD1-4004-900E-5B804C73B703}.Release|Any CPU.ActiveCfg = Release|Any CPU
		{00025EAA-3CD1-4004-900E-5B804C73B703}.Release|Any CPU.Build.0 = Release|Any CPU
		{00025EAA-3CD1-4004-900E-5B804C73B703}.Release|ARM.ActiveCfg = Release|Any CPU
		{00025EAA-3CD1-4004-900E-5B804C73B703}.Release|ARM.Build.0 = Release|Any CPU
		{00025EAA-3CD1-4004-900E-5B804C73B703}.Release|ARM64.ActiveCfg = Release|Any CPU
		{00025EAA-3CD1-4004-900E-5B804C73B703}.Release|ARM64.Build.0 = Release|Any CPU
		{00025EAA-3CD1-4004-900E-5B804C73B703}.Release|x64.ActiveCfg = Release|Any CPU
		{00025EAA-3CD1-4004-900E-5B804C73B703}.Release|x64.Build.0 = Release|Any CPU
		{00025EAA-3CD1-4004-900E-5B804C73B703}.Release|x86.ActiveCfg = Release|Any CPU
		{00025EAA-3CD1-4004-900E-5B804C73B703}.Release|x86.Build.0 = Release|Any CPU
		{77C59F07-6551-4D0D-BAE5-B4C4AD6F6B44}.Debug|Any CPU.ActiveCfg = Debug|Any CPU
		{77C59F07-6551-4D0D-BAE5-B4C4AD6F6B44}.Debug|Any CPU.Build.0 = Debug|Any CPU
		{77C59F07-6551-4D0D-BAE5-B4C4AD6F6B44}.Debug|ARM.ActiveCfg = Debug|Any CPU
		{77C59F07-6551-4D0D-BAE5-B4C4AD6F6B44}.Debug|ARM.Build.0 = Debug|Any CPU
		{77C59F07-6551-4D0D-BAE5-B4C4AD6F6B44}.Debug|ARM64.ActiveCfg = Debug|Any CPU
		{77C59F07-6551-4D0D-BAE5-B4C4AD6F6B44}.Debug|ARM64.Build.0 = Debug|Any CPU
		{77C59F07-6551-4D0D-BAE5-B4C4AD6F6B44}.Debug|x64.ActiveCfg = Debug|Any CPU
		{77C59F07-6551-4D0D-BAE5-B4C4AD6F6B44}.Debug|x64.Build.0 = Debug|Any CPU
		{77C59F07-6551-4D0D-BAE5-B4C4AD6F6B44}.Debug|x86.ActiveCfg = Debug|Any CPU
		{77C59F07-6551-4D0D-BAE5-B4C4AD6F6B44}.Debug|x86.Build.0 = Debug|Any CPU
		{77C59F07-6551-4D0D-BAE5-B4C4AD6F6B44}.Release|Any CPU.ActiveCfg = Release|Any CPU
		{77C59F07-6551-4D0D-BAE5-B4C4AD6F6B44}.Release|Any CPU.Build.0 = Release|Any CPU
		{77C59F07-6551-4D0D-BAE5-B4C4AD6F6B44}.Release|ARM.ActiveCfg = Release|Any CPU
		{77C59F07-6551-4D0D-BAE5-B4C4AD6F6B44}.Release|ARM.Build.0 = Release|Any CPU
		{77C59F07-6551-4D0D-BAE5-B4C4AD6F6B44}.Release|ARM64.ActiveCfg = Release|Any CPU
		{77C59F07-6551-4D0D-BAE5-B4C4AD6F6B44}.Release|ARM64.Build.0 = Release|Any CPU
		{77C59F07-6551-4D0D-BAE5-B4C4AD6F6B44}.Release|x64.ActiveCfg = Release|Any CPU
		{77C59F07-6551-4D0D-BAE5-B4C4AD6F6B44}.Release|x64.Build.0 = Release|Any CPU
		{77C59F07-6551-4D0D-BAE5-B4C4AD6F6B44}.Release|x86.ActiveCfg = Release|Any CPU
		{77C59F07-6551-4D0D-BAE5-B4C4AD6F6B44}.Release|x86.Build.0 = Release|Any CPU
		{F385AF72-A5C1-4B36-988B-74C79A2AEA7D}.Debug|Any CPU.ActiveCfg = Debug|Any CPU
		{F385AF72-A5C1-4B36-988B-74C79A2AEA7D}.Debug|Any CPU.Build.0 = Debug|Any CPU
		{F385AF72-A5C1-4B36-988B-74C79A2AEA7D}.Debug|ARM.ActiveCfg = Debug|Any CPU
		{F385AF72-A5C1-4B36-988B-74C79A2AEA7D}.Debug|ARM.Build.0 = Debug|Any CPU
		{F385AF72-A5C1-4B36-988B-74C79A2AEA7D}.Debug|ARM64.ActiveCfg = Debug|Any CPU
		{F385AF72-A5C1-4B36-988B-74C79A2AEA7D}.Debug|ARM64.Build.0 = Debug|Any CPU
		{F385AF72-A5C1-4B36-988B-74C79A2AEA7D}.Debug|x64.ActiveCfg = Debug|Any CPU
		{F385AF72-A5C1-4B36-988B-74C79A2AEA7D}.Debug|x64.Build.0 = Debug|Any CPU
		{F385AF72-A5C1-4B36-988B-74C79A2AEA7D}.Debug|x86.ActiveCfg = Debug|Any CPU
		{F385AF72-A5C1-4B36-988B-74C79A2AEA7D}.Debug|x86.Build.0 = Debug|Any CPU
		{F385AF72-A5C1-4B36-988B-74C79A2AEA7D}.Release|Any CPU.ActiveCfg = Release|Any CPU
		{F385AF72-A5C1-4B36-988B-74C79A2AEA7D}.Release|Any CPU.Build.0 = Release|Any CPU
		{F385AF72-A5C1-4B36-988B-74C79A2AEA7D}.Release|ARM.ActiveCfg = Release|Any CPU
		{F385AF72-A5C1-4B36-988B-74C79A2AEA7D}.Release|ARM.Build.0 = Release|Any CPU
		{F385AF72-A5C1-4B36-988B-74C79A2AEA7D}.Release|ARM64.ActiveCfg = Release|Any CPU
		{F385AF72-A5C1-4B36-988B-74C79A2AEA7D}.Release|ARM64.Build.0 = Release|Any CPU
		{F385AF72-A5C1-4B36-988B-74C79A2AEA7D}.Release|x64.ActiveCfg = Release|Any CPU
		{F385AF72-A5C1-4B36-988B-74C79A2AEA7D}.Release|x64.Build.0 = Release|Any CPU
		{F385AF72-A5C1-4B36-988B-74C79A2AEA7D}.Release|x86.ActiveCfg = Release|Any CPU
		{F385AF72-A5C1-4B36-988B-74C79A2AEA7D}.Release|x86.Build.0 = Release|Any CPU
		{F0E6FA28-032D-4EBF-A889-CCAA0F9D4D33}.Debug|Any CPU.ActiveCfg = Debug|Any CPU
		{F0E6FA28-032D-4EBF-A889-CCAA0F9D4D33}.Debug|Any CPU.Build.0 = Debug|Any CPU
		{F0E6FA28-032D-4EBF-A889-CCAA0F9D4D33}.Debug|ARM.ActiveCfg = Debug|Any CPU
		{F0E6FA28-032D-4EBF-A889-CCAA0F9D4D33}.Debug|ARM.Build.0 = Debug|Any CPU
		{F0E6FA28-032D-4EBF-A889-CCAA0F9D4D33}.Debug|ARM64.ActiveCfg = Debug|Any CPU
		{F0E6FA28-032D-4EBF-A889-CCAA0F9D4D33}.Debug|ARM64.Build.0 = Debug|Any CPU
		{F0E6FA28-032D-4EBF-A889-CCAA0F9D4D33}.Debug|x64.ActiveCfg = Debug|Any CPU
		{F0E6FA28-032D-4EBF-A889-CCAA0F9D4D33}.Debug|x64.Build.0 = Debug|Any CPU
		{F0E6FA28-032D-4EBF-A889-CCAA0F9D4D33}.Debug|x86.ActiveCfg = Debug|Any CPU
		{F0E6FA28-032D-4EBF-A889-CCAA0F9D4D33}.Debug|x86.Build.0 = Debug|Any CPU
		{F0E6FA28-032D-4EBF-A889-CCAA0F9D4D33}.Release|Any CPU.ActiveCfg = Release|Any CPU
		{F0E6FA28-032D-4EBF-A889-CCAA0F9D4D33}.Release|Any CPU.Build.0 = Release|Any CPU
		{F0E6FA28-032D-4EBF-A889-CCAA0F9D4D33}.Release|ARM.ActiveCfg = Release|Any CPU
		{F0E6FA28-032D-4EBF-A889-CCAA0F9D4D33}.Release|ARM.Build.0 = Release|Any CPU
		{F0E6FA28-032D-4EBF-A889-CCAA0F9D4D33}.Release|ARM64.ActiveCfg = Release|Any CPU
		{F0E6FA28-032D-4EBF-A889-CCAA0F9D4D33}.Release|ARM64.Build.0 = Release|Any CPU
		{F0E6FA28-032D-4EBF-A889-CCAA0F9D4D33}.Release|x64.ActiveCfg = Release|Any CPU
		{F0E6FA28-032D-4EBF-A889-CCAA0F9D4D33}.Release|x64.Build.0 = Release|Any CPU
		{F0E6FA28-032D-4EBF-A889-CCAA0F9D4D33}.Release|x86.ActiveCfg = Release|Any CPU
		{F0E6FA28-032D-4EBF-A889-CCAA0F9D4D33}.Release|x86.Build.0 = Release|Any CPU
		{C9B5D263-00E8-4676-87C7-82882C5EFC46}.Debug|Any CPU.ActiveCfg = Debug|Any CPU
		{C9B5D263-00E8-4676-87C7-82882C5EFC46}.Debug|Any CPU.Build.0 = Debug|Any CPU
		{C9B5D263-00E8-4676-87C7-82882C5EFC46}.Debug|ARM.ActiveCfg = Debug|Any CPU
		{C9B5D263-00E8-4676-87C7-82882C5EFC46}.Debug|ARM.Build.0 = Debug|Any CPU
		{C9B5D263-00E8-4676-87C7-82882C5EFC46}.Debug|ARM64.ActiveCfg = Debug|Any CPU
		{C9B5D263-00E8-4676-87C7-82882C5EFC46}.Debug|ARM64.Build.0 = Debug|Any CPU
		{C9B5D263-00E8-4676-87C7-82882C5EFC46}.Debug|x64.ActiveCfg = Debug|Any CPU
		{C9B5D263-00E8-4676-87C7-82882C5EFC46}.Debug|x64.Build.0 = Debug|Any CPU
		{C9B5D263-00E8-4676-87C7-82882C5EFC46}.Debug|x86.ActiveCfg = Debug|Any CPU
		{C9B5D263-00E8-4676-87C7-82882C5EFC46}.Debug|x86.Build.0 = Debug|Any CPU
		{C9B5D263-00E8-4676-87C7-82882C5EFC46}.Release|Any CPU.ActiveCfg = Release|Any CPU
		{C9B5D263-00E8-4676-87C7-82882C5EFC46}.Release|Any CPU.Build.0 = Release|Any CPU
		{C9B5D263-00E8-4676-87C7-82882C5EFC46}.Release|ARM.ActiveCfg = Release|Any CPU
		{C9B5D263-00E8-4676-87C7-82882C5EFC46}.Release|ARM.Build.0 = Release|Any CPU
		{C9B5D263-00E8-4676-87C7-82882C5EFC46}.Release|ARM64.ActiveCfg = Release|Any CPU
		{C9B5D263-00E8-4676-87C7-82882C5EFC46}.Release|ARM64.Build.0 = Release|Any CPU
		{C9B5D263-00E8-4676-87C7-82882C5EFC46}.Release|x64.ActiveCfg = Release|Any CPU
		{C9B5D263-00E8-4676-87C7-82882C5EFC46}.Release|x64.Build.0 = Release|Any CPU
		{C9B5D263-00E8-4676-87C7-82882C5EFC46}.Release|x86.ActiveCfg = Release|Any CPU
		{C9B5D263-00E8-4676-87C7-82882C5EFC46}.Release|x86.Build.0 = Release|Any CPU
		{ACBC5C44-09C8-42D5-8B00-609D53070EDA}.Debug|Any CPU.ActiveCfg = Debug|Any CPU
		{ACBC5C44-09C8-42D5-8B00-609D53070EDA}.Debug|Any CPU.Build.0 = Debug|Any CPU
		{ACBC5C44-09C8-42D5-8B00-609D53070EDA}.Debug|ARM.ActiveCfg = Debug|Any CPU
		{ACBC5C44-09C8-42D5-8B00-609D53070EDA}.Debug|ARM.Build.0 = Debug|Any CPU
		{ACBC5C44-09C8-42D5-8B00-609D53070EDA}.Debug|ARM64.ActiveCfg = Debug|Any CPU
		{ACBC5C44-09C8-42D5-8B00-609D53070EDA}.Debug|ARM64.Build.0 = Debug|Any CPU
		{ACBC5C44-09C8-42D5-8B00-609D53070EDA}.Debug|x64.ActiveCfg = Debug|Any CPU
		{ACBC5C44-09C8-42D5-8B00-609D53070EDA}.Debug|x64.Build.0 = Debug|Any CPU
		{ACBC5C44-09C8-42D5-8B00-609D53070EDA}.Debug|x86.ActiveCfg = Debug|Any CPU
		{ACBC5C44-09C8-42D5-8B00-609D53070EDA}.Debug|x86.Build.0 = Debug|Any CPU
		{ACBC5C44-09C8-42D5-8B00-609D53070EDA}.Release|Any CPU.ActiveCfg = Release|Any CPU
		{ACBC5C44-09C8-42D5-8B00-609D53070EDA}.Release|Any CPU.Build.0 = Release|Any CPU
		{ACBC5C44-09C8-42D5-8B00-609D53070EDA}.Release|ARM.ActiveCfg = Release|Any CPU
		{ACBC5C44-09C8-42D5-8B00-609D53070EDA}.Release|ARM.Build.0 = Release|Any CPU
		{ACBC5C44-09C8-42D5-8B00-609D53070EDA}.Release|ARM64.ActiveCfg = Release|Any CPU
		{ACBC5C44-09C8-42D5-8B00-609D53070EDA}.Release|ARM64.Build.0 = Release|Any CPU
		{ACBC5C44-09C8-42D5-8B00-609D53070EDA}.Release|x64.ActiveCfg = Release|Any CPU
		{ACBC5C44-09C8-42D5-8B00-609D53070EDA}.Release|x64.Build.0 = Release|Any CPU
		{ACBC5C44-09C8-42D5-8B00-609D53070EDA}.Release|x86.ActiveCfg = Release|Any CPU
		{ACBC5C44-09C8-42D5-8B00-609D53070EDA}.Release|x86.Build.0 = Release|Any CPU
		{E5EAC8DE-C975-462F-B366-E2ECF4681971}.Debug|Any CPU.ActiveCfg = Debug|x64
		{E5EAC8DE-C975-462F-B366-E2ECF4681971}.Debug|Any CPU.Build.0 = Debug|x64
		{E5EAC8DE-C975-462F-B366-E2ECF4681971}.Debug|Any CPU.Deploy.0 = Debug|x64
		{E5EAC8DE-C975-462F-B366-E2ECF4681971}.Debug|ARM.ActiveCfg = Debug|ARM
		{E5EAC8DE-C975-462F-B366-E2ECF4681971}.Debug|ARM.Build.0 = Debug|ARM
		{E5EAC8DE-C975-462F-B366-E2ECF4681971}.Debug|ARM.Deploy.0 = Debug|ARM
		{E5EAC8DE-C975-462F-B366-E2ECF4681971}.Debug|ARM64.ActiveCfg = Debug|ARM64
		{E5EAC8DE-C975-462F-B366-E2ECF4681971}.Debug|ARM64.Build.0 = Debug|ARM64
		{E5EAC8DE-C975-462F-B366-E2ECF4681971}.Debug|ARM64.Deploy.0 = Debug|ARM64
		{E5EAC8DE-C975-462F-B366-E2ECF4681971}.Debug|x64.ActiveCfg = Debug|x64
		{E5EAC8DE-C975-462F-B366-E2ECF4681971}.Debug|x64.Build.0 = Debug|x64
		{E5EAC8DE-C975-462F-B366-E2ECF4681971}.Debug|x64.Deploy.0 = Debug|x64
		{E5EAC8DE-C975-462F-B366-E2ECF4681971}.Debug|x86.ActiveCfg = Debug|x86
		{E5EAC8DE-C975-462F-B366-E2ECF4681971}.Debug|x86.Build.0 = Debug|x86
		{E5EAC8DE-C975-462F-B366-E2ECF4681971}.Debug|x86.Deploy.0 = Debug|x86
		{E5EAC8DE-C975-462F-B366-E2ECF4681971}.Release|Any CPU.ActiveCfg = Release|x64
		{E5EAC8DE-C975-462F-B366-E2ECF4681971}.Release|Any CPU.Build.0 = Release|x64
		{E5EAC8DE-C975-462F-B366-E2ECF4681971}.Release|Any CPU.Deploy.0 = Release|x64
		{E5EAC8DE-C975-462F-B366-E2ECF4681971}.Release|ARM.ActiveCfg = Release|ARM
		{E5EAC8DE-C975-462F-B366-E2ECF4681971}.Release|ARM.Build.0 = Release|ARM
		{E5EAC8DE-C975-462F-B366-E2ECF4681971}.Release|ARM.Deploy.0 = Release|ARM
		{E5EAC8DE-C975-462F-B366-E2ECF4681971}.Release|ARM64.ActiveCfg = Release|ARM64
		{E5EAC8DE-C975-462F-B366-E2ECF4681971}.Release|ARM64.Build.0 = Release|ARM64
		{E5EAC8DE-C975-462F-B366-E2ECF4681971}.Release|ARM64.Deploy.0 = Release|ARM64
		{E5EAC8DE-C975-462F-B366-E2ECF4681971}.Release|x64.ActiveCfg = Release|x64
		{E5EAC8DE-C975-462F-B366-E2ECF4681971}.Release|x64.Build.0 = Release|x64
		{E5EAC8DE-C975-462F-B366-E2ECF4681971}.Release|x64.Deploy.0 = Release|x64
		{E5EAC8DE-C975-462F-B366-E2ECF4681971}.Release|x86.ActiveCfg = Release|x86
		{E5EAC8DE-C975-462F-B366-E2ECF4681971}.Release|x86.Build.0 = Release|x86
		{E5EAC8DE-C975-462F-B366-E2ECF4681971}.Release|x86.Deploy.0 = Release|x86
	EndGlobalSection
	GlobalSection(SolutionProperties) = preSolution
		HideSolutionNode = FALSE
	EndGlobalSection
	GlobalSection(ExtensibilityGlobals) = postSolution
		SolutionGuid = {835837E6-E1B9-440C-A3BB-0DF6E2E44190}
	EndGlobalSection
EndGlobal
